{
  "requires": true,
  "lockfileVersion": 1,
  "dependencies": {
    "sweetalert2": {
      "version": "11.0.9",
      "resolved": "https://registry.npmjs.org/sweetalert2/-/sweetalert2-11.0.9.tgz",
      "integrity": "sha512-IEFWaTG+0YO5Zp7CVlqtokun++o+zVCY7dT5PT7eBk5Qj/4NmwDJG+4w5K0BrtXj5Olq3yt4UtvqZ3/kBla7YA=="
    }
  }
}
